
Microsoft Visual Studio Solution File, Format Version 12.00
# Visual Studio 14
VisualStudioVersion = 14.0.23107.0
MinimumVisualStudioVersion = 10.0.40219.1
Project("{FAE04EC0-301F-11D3-BF4B-00C04F79EFBC}") = "AltaSoft.Notifications.Web", "AltaSoft.Notifications.Web\AltaSoft.Notifications.Web.csproj", "{D017C3A7-64BB-4832-BB4A-77E3F78192B5}"
EndProject
Project("{FAE04EC0-301F-11D3-BF4B-00C04F79EFBC}") = "AltaSoft.Notifications.Service", "AltaSoft.Notifications.Service\AltaSoft.Notifications.Service.csproj", "{69C8C21B-3889-4F09-BC8C-34B2A8546296}"
EndProject
Project("{FAE04EC0-301F-11D3-BF4B-00C04F79EFBC}") = "AltaSoft.Notifications.DAL", "AltaSoft.Notifications.DAL\AltaSoft.Notifications.DAL.csproj", "{140B7736-3C18-4D8F-B7C2-100BE71FEDAF}"
EndProject
Project("{2150E333-8FDC-42A3-9474-1A3956D46DE8}") = "Utils", "Utils", "{FDC3A88B-E98E-4996-B433-57503AE41515}"
EndProject
Project("{FAE04EC0-301F-11D3-BF4B-00C04F79EFBC}") = "DatabaseBuilder", "DatabaseBuilder\DatabaseBuilder.csproj", "{93278334-3226-4879-ADFD-845863D24714}"
EndProject
Global
	GlobalSection(SolutionConfigurationPlatforms) = preSolution
		Debug|Any CPU = Debug|Any CPU
		Release|Any CPU = Release|Any CPU
	EndGlobalSection
	GlobalSection(ProjectConfigurationPlatforms) = postSolution
		{D017C3A7-64BB-4832-BB4A-77E3F78192B5}.Debug|Any CPU.ActiveCfg = Debug|Any CPU
		{D017C3A7-64BB-4832-BB4A-77E3F78192B5}.Debug|Any CPU.Build.0 = Debug|Any CPU
		{D017C3A7-64BB-4832-BB4A-77E3F78192B5}.Release|Any CPU.ActiveCfg = Release|Any CPU
		{D017C3A7-64BB-4832-BB4A-77E3F78192B5}.Release|Any CPU.Build.0 = Release|Any CPU
		{69C8C21B-3889-4F09-BC8C-34B2A8546296}.Debug|Any CPU.ActiveCfg = Debug|Any CPU
		{69C8C21B-3889-4F09-BC8C-34B2A8546296}.Debug|Any CPU.Build.0 = Debug|Any CPU
		{69C8C21B-3889-4F09-BC8C-34B2A8546296}.Release|Any CPU.ActiveCfg = Release|Any CPU
		{69C8C21B-3889-4F09-BC8C-34B2A8546296}.Release|Any CPU.Build.0 = Release|Any CPU
		{140B7736-3C18-4D8F-B7C2-100BE71FEDAF}.Debug|Any CPU.ActiveCfg = Debug|Any CPU
		{140B7736-3C18-4D8F-B7C2-100BE71FEDAF}.Debug|Any CPU.Build.0 = Debug|Any CPU
		{140B7736-3C18-4D8F-B7C2-100BE71FEDAF}.Release|Any CPU.ActiveCfg = Release|Any CPU
		{140B7736-3C18-4D8F-B7C2-100BE71FEDAF}.Release|Any CPU.Build.0 = Release|Any CPU
		{93278334-3226-4879-ADFD-845863D24714}.Debug|Any CPU.ActiveCfg = Debug|Any CPU
		{93278334-3226-4879-ADFD-845863D24714}.Debug|Any CPU.Build.0 = Debug|Any CPU
		{93278334-3226-4879-ADFD-845863D24714}.Release|Any CPU.ActiveCfg = Release|Any CPU
		{93278334-3226-4879-ADFD-845863D24714}.Release|Any CPU.Build.0 = Release|Any CPU
	EndGlobalSection
	GlobalSection(SolutionProperties) = preSolution
		HideSolutionNode = FALSE
	EndGlobalSection
	GlobalSection(NestedProjects) = preSolution
		{93278334-3226-4879-ADFD-845863D24714} = {FDC3A88B-E98E-4996-B433-57503AE41515}
	EndGlobalSection
EndGlobal
